
Microsoft Visual Studio Solution File, Format Version 12.00
# Visual Studio Version 16
VisualStudioVersion = 16.0.30711.63
MinimumVisualStudioVersion = 10.0.40219.1
Project("{8BC9CEB8-8B4A-11D0-8D11-00A0C91BC942}") = "string_game", "string_game\string_game.vcxproj", "{70D8CA64-AAB4-4442-9A06-7577ABF3CEDC}"
EndProject
Global
	GlobalSection(SolutionConfigurationPlatforms) = preSolution
		Debug|x64 = Debug|x64
		Debug|x86 = Debug|x86
		Release|x64 = Release|x64
		Release|x86 = Release|x86
	EndGlobalSection
	GlobalSection(ProjectConfigurationPlatforms) = postSolution
		{70D8CA64-AAB4-4442-9A06-7577ABF3CEDC}.Debug|x64.ActiveCfg = Debug|x64
		{70D8CA64-AAB4-4442-9A06-7577ABF3CEDC}.Debug|x64.Build.0 = Debug|x64
		{70D8CA64-AAB4-4442-9A06-7577ABF3CEDC}.Debug|x86.ActiveCfg = Debug|Win32
		{70D8CA64-AAB4-4442-9A06-7577ABF3CEDC}.Debug|x86.Build.0 = Debug|Win32
		{70D8CA64-AAB4-4442-9A06-7577ABF3CEDC}.Release|x64.ActiveCfg = Release|x64
		{70D8CA64-AAB4-4442-9A06-7577ABF3CEDC}.Release|x64.Build.0 = Release|x64
		{70D8CA64-AAB4-4442-9A06-7577ABF3CEDC}.Release|x86.ActiveCfg = Release|Win32
		{70D8CA64-AAB4-4442-9A06-7577ABF3CEDC}.Release|x86.Build.0 = Release|Win32
	EndGlobalSection
	GlobalSection(SolutionProperties) = preSolution
		HideSolutionNode = FALSE
	EndGlobalSection
	GlobalSection(ExtensibilityGlobals) = postSolution
		SolutionGuid = {4359FEE7-9791-4718-9CFE-90F7FF6A67D7}
	EndGlobalSection
EndGlobal
